
Microsoft Visual Studio Solution File, Format Version 12.00
# Visual Studio 15
VisualStudioVersion = 15.0.27703.2042
MinimumVisualStudioVersion = 10.0.40219.1
Project("{8BC9CEB8-8B4A-11D0-8D11-00A0C91BC942}") = "chat_app", "chat_app\chat_app.vcxproj", "{5D21069A-49E2-4AC2-87D4-B1B84E40FE7A}"
EndProject
Global
	GlobalSection(SolutionConfigurationPlatforms) = preSolution
		Debug|x64 = Debug|x64
		Debug|x86 = Debug|x86
		Release|x64 = Release|x64
		Release|x86 = Release|x86
	EndGlobalSection
	GlobalSection(ProjectConfigurationPlatforms) = postSolution
		{5D21069A-49E2-4AC2-87D4-B1B84E40FE7A}.Debug|x64.ActiveCfg = Debug|x64
		{5D21069A-49E2-4AC2-87D4-B1B84E40FE7A}.Debug|x64.Build.0 = Debug|x64
		{5D21069A-49E2-4AC2-87D4-B1B84E40FE7A}.Debug|x86.ActiveCfg = Debug|Win32
		{5D21069A-49E2-4AC2-87D4-B1B84E40FE7A}.Debug|x86.Build.0 = Debug|Win32
		{5D21069A-49E2-4AC2-87D4-B1B84E40FE7A}.Release|x64.ActiveCfg = Release|x64
		{5D21069A-49E2-4AC2-87D4-B1B84E40FE7A}.Release|x64.Build.0 = Release|x64
		{5D21069A-49E2-4AC2-87D4-B1B84E40FE7A}.Release|x86.ActiveCfg = Release|Win32
		{5D21069A-49E2-4AC2-87D4-B1B84E40FE7A}.Release|x86.Build.0 = Release|Win32
	EndGlobalSection
	GlobalSection(SolutionProperties) = preSolution
		HideSolutionNode = FALSE
	EndGlobalSection
	GlobalSection(ExtensibilityGlobals) = postSolution
		SolutionGuid = {07B222EF-AE4E-46F3-954B-BB3BE5FE2FBD}
	EndGlobalSection
EndGlobal
